// !$*UTF8*$!
{
	archiveVersion = 1;
	classes = {
	};
	objectVersion = 46;
	objects = {

/* Begin PBXBuildFile section */
		29282A37DA021CF68C00F2BA /* Pods_ProgramStruct.framework in Frameworks */ = {isa = PBXBuildFile; fileRef = F54DE970CA674EB425B717F0 /* Pods_ProgramStruct.framework */; };
		6E031C6F1E0B7A2500574001 /* BaseViewControllerClass.m in Sources */ = {isa = PBXBuildFile; fileRef = 6E031C6E1E0B7A2500574001 /* BaseViewControllerClass.m */; };
		6E031C731E0B955A00574001 /* UIView+BaseView.m in Sources */ = {isa = PBXBuildFile; fileRef = 6E031C721E0B955A00574001 /* UIView+BaseView.m */; };
		6E031C761E0BA88C00574001 /* UITableViewCell+BaseCell.m in Sources */ = {isa = PBXBuildFile; fileRef = 6E031C751E0BA88C00574001 /* UITableViewCell+BaseCell.m */; };
		6E5E6E351E00FBBE00AC8573 /* main.m in Sources */ = {isa = PBXBuildFile; fileRef = 6E5E6E341E00FBBE00AC8573 /* main.m */; };
		6E5E6E381E00FBBE00AC8573 /* AppDelegate.m in Sources */ = {isa = PBXBuildFile; fileRef = 6E5E6E371E00FBBE00AC8573 /* AppDelegate.m */; };
		6E5E6E3B1E00FBBE00AC8573 /* ViewController.m in Sources */ = {isa = PBXBuildFile; fileRef = 6E5E6E3A1E00FBBE00AC8573 /* ViewController.m */; };
		6E5E6E401E00FBBE00AC8573 /* Assets.xcassets in Resources */ = {isa = PBXBuildFile; fileRef = 6E5E6E3F1E00FBBE00AC8573 /* Assets.xcassets */; };
		6E5E6E431E00FBBE00AC8573 /* LaunchScreen.storyboard in Resources */ = {isa = PBXBuildFile; fileRef = 6E5E6E411E00FBBE00AC8573 /* LaunchScreen.storyboard */; };
		6E5E6E4E1E00FBBE00AC8573 /* ProgramStructTests.m in Sources */ = {isa = PBXBuildFile; fileRef = 6E5E6E4D1E00FBBE00AC8573 /* ProgramStructTests.m */; };
		6E5E6E591E00FBBE00AC8573 /* ProgramStructUITests.m in Sources */ = {isa = PBXBuildFile; fileRef = 6E5E6E581E00FBBE00AC8573 /* ProgramStructUITests.m */; };
		6E5E6E781E01328C00AC8573 /* NSObject+Network.m in Sources */ = {isa = PBXBuildFile; fileRef = 6E5E6E771E01328C00AC8573 /* NSObject+Network.m */; };
		6E5E6E7B1E013C6A00AC8573 /* BaseModelClass.m in Sources */ = {isa = PBXBuildFile; fileRef = 6E5E6E7A1E013C6A00AC8573 /* BaseModelClass.m */; };
		6E5E6E7F1E013D4500AC8573 /* BaseApiModelClass.m in Sources */ = {isa = PBXBuildFile; fileRef = 6E5E6E7E1E013D4500AC8573 /* BaseApiModelClass.m */; };
		6E5E6E881E014B0200AC8573 /* JsonDataCache.m in Sources */ = {isa = PBXBuildFile; fileRef = 6E5E6E871E014B0200AC8573 /* JsonDataCache.m */; };
		6E5E6E8C1E01552900AC8573 /* JsonDataCacheConfig.m in Sources */ = {isa = PBXBuildFile; fileRef = 6E5E6E8B1E01552900AC8573 /* JsonDataCacheConfig.m */; };
		6E5E6E901E022FCE00AC8573 /* GetSignSecretApiModel.m in Sources */ = {isa = PBXBuildFile; fileRef = 6E5E6E8F1E022FCE00AC8573 /* GetSignSecretApiModel.m */; };
		6E93BD2E1E067BC3004F38BA /* LineInfoView.m in Sources */ = {isa = PBXBuildFile; fileRef = 6E93BD2D1E067BC3004F38BA /* LineInfoView.m */; };
		6E93BD321E078A39004F38BA /* LineInfoViewModel.m in Sources */ = {isa = PBXBuildFile; fileRef = 6E93BD311E078A39004F38BA /* LineInfoViewModel.m */; };
		6E93BD361E07F129004F38BA /* StationListCell.m in Sources */ = {isa = PBXBuildFile; fileRef = 6E93BD351E07F129004F38BA /* StationListCell.m */; };
		6ECFE0721E0629BF0059106B /* BaseViewModelClass.m in Sources */ = {isa = PBXBuildFile; fileRef = 6ECFE0711E0629BF0059106B /* BaseViewModelClass.m */; };
		6ECFE0781E062A6E0059106B /* LineInfoViewHeaderViewModel.m in Sources */ = {isa = PBXBuildFile; fileRef = 6ECFE0771E062A6E0059106B /* LineInfoViewHeaderViewModel.m */; };
		6ECFE07B1E062D430059106B /* LineInfoHeaderView.m in Sources */ = {isa = PBXBuildFile; fileRef = 6ECFE07A1E062D430059106B /* LineInfoHeaderView.m */; };
/* End PBXBuildFile section */

/* Begin PBXContainerItemProxy section */
		6E5E6E4A1E00FBBE00AC8573 /* PBXContainerItemProxy */ = {
			isa = PBXContainerItemProxy;
			containerPortal = 6E5E6E281E00FBBE00AC8573 /* Project object */;
			proxyType = 1;
			remoteGlobalIDString = 6E5E6E2F1E00FBBE00AC8573;
			remoteInfo = ProgramStruct;
		};
		6E5E6E551E00FBBE00AC8573 /* PBXContainerItemProxy */ = {
			isa = PBXContainerItemProxy;
			containerPortal = 6E5E6E281E00FBBE00AC8573 /* Project object */;
			proxyType = 1;
			remoteGlobalIDString = 6E5E6E2F1E00FBBE00AC8573;
			remoteInfo = ProgramStruct;
		};
/* End PBXContainerItemProxy section */

/* Begin PBXFileReference section */
		3554D23D6F594438D103EB14 /* Pods-ProgramStruct.debug.xcconfig */ = {isa = PBXFileReference; includeInIndex = 1; lastKnownFileType = text.xcconfig; name = "Pods-ProgramStruct.debug.xcconfig"; path = "Pods/Target Support Files/Pods-ProgramStruct/Pods-ProgramStruct.debug.xcconfig"; sourceTree = "<group>"; };
		6E031C6D1E0B7A2500574001 /* BaseViewControllerClass.h */ = {isa = PBXFileReference; fileEncoding = 4; lastKnownFileType = sourcecode.c.h; name = BaseViewControllerClass.h; path = Controller/BaseViewControllerClass.h; sourceTree = "<group>"; };
		6E031C6E1E0B7A2500574001 /* BaseViewControllerClass.m */ = {isa = PBXFileReference; fileEncoding = 4; lastKnownFileType = sourcecode.c.objc; name = BaseViewControllerClass.m; path = Controller/BaseViewControllerClass.m; sourceTree = "<group>"; };
		6E031C701E0B7AB800574001 /* BaseViewControllerProtocol.h */ = {isa = PBXFileReference; lastKnownFileType = sourcecode.c.h; name = BaseViewControllerProtocol.h; path = Controller/BaseViewControllerProtocol.h; sourceTree = "<group>"; };
		6E031C711E0B955A00574001 /* UIView+BaseView.h */ = {isa = PBXFileReference; fileEncoding = 4; lastKnownFileType = sourcecode.c.h; name = "UIView+BaseView.h"; path = "View/UIView+BaseView.h"; sourceTree = "<group>"; };
		6E031C721E0B955A00574001 /* UIView+BaseView.m */ = {isa = PBXFileReference; fileEncoding = 4; lastKnownFileType = sourcecode.c.objc; name = "UIView+BaseView.m"; path = "View/UIView+BaseView.m"; sourceTree = "<group>"; };
		6E031C741E0BA88C00574001 /* UITableViewCell+BaseCell.h */ = {isa = PBXFileReference; fileEncoding = 4; lastKnownFileType = sourcecode.c.h; name = "UITableViewCell+BaseCell.h"; path = "View/UITableViewCell+BaseCell.h"; sourceTree = "<group>"; };
		6E031C751E0BA88C00574001 /* UITableViewCell+BaseCell.m */ = {isa = PBXFileReference; fileEncoding = 4; lastKnownFileType = sourcecode.c.objc; name = "UITableViewCell+BaseCell.m"; path = "View/UITableViewCell+BaseCell.m"; sourceTree = "<group>"; };
		6E5E6E301E00FBBE00AC8573 /* ProgramStruct.app */ = {isa = PBXFileReference; explicitFileType = wrapper.application; includeInIndex = 0; path = ProgramStruct.app; sourceTree = BUILT_PRODUCTS_DIR; };
		6E5E6E341E00FBBE00AC8573 /* main.m */ = {isa = PBXFileReference; lastKnownFileType = sourcecode.c.objc; path = main.m; sourceTree = "<group>"; };
		6E5E6E361E00FBBE00AC8573 /* AppDelegate.h */ = {isa = PBXFileReference; lastKnownFileType = sourcecode.c.h; path = AppDelegate.h; sourceTree = "<group>"; };
		6E5E6E371E00FBBE00AC8573 /* AppDelegate.m */ = {isa = PBXFileReference; lastKnownFileType = sourcecode.c.objc; path = AppDelegate.m; sourceTree = "<group>"; };
		6E5E6E391E00FBBE00AC8573 /* ViewController.h */ = {isa = PBXFileReference; lastKnownFileType = sourcecode.c.h; name = ViewController.h; path = Controller/ViewController.h; sourceTree = "<group>"; };
		6E5E6E3A1E00FBBE00AC8573 /* ViewController.m */ = {isa = PBXFileReference; lastKnownFileType = sourcecode.c.objc; name = ViewController.m; path = Controller/ViewController.m; sourceTree = "<group>"; };
		6E5E6E3F1E00FBBE00AC8573 /* Assets.xcassets */ = {isa = PBXFileReference; lastKnownFileType = folder.assetcatalog; name = Assets.xcassets; path = Resource/Assets.xcassets; sourceTree = "<group>"; };
		6E5E6E421E00FBBE00AC8573 /* Base */ = {isa = PBXFileReference; lastKnownFileType = file.storyboard; name = Base; path = Base.lproj/LaunchScreen.storyboard; sourceTree = "<group>"; };
		6E5E6E441E00FBBE00AC8573 /* Info.plist */ = {isa = PBXFileReference; lastKnownFileType = text.plist.xml; path = Info.plist; sourceTree = "<group>"; };
		6E5E6E491E00FBBE00AC8573 /* ProgramStructTests.xctest */ = {isa = PBXFileReference; explicitFileType = wrapper.cfbundle; includeInIndex = 0; path = ProgramStructTests.xctest; sourceTree = BUILT_PRODUCTS_DIR; };
		6E5E6E4D1E00FBBE00AC8573 /* ProgramStructTests.m */ = {isa = PBXFileReference; lastKnownFileType = sourcecode.c.objc; path = ProgramStructTests.m; sourceTree = "<group>"; };
		6E5E6E4F1E00FBBE00AC8573 /* Info.plist */ = {isa = PBXFileReference; lastKnownFileType = text.plist.xml; path = Info.plist; sourceTree = "<group>"; };
		6E5E6E541E00FBBE00AC8573 /* ProgramStructUITests.xctest */ = {isa = PBXFileReference; explicitFileType = wrapper.cfbundle; includeInIndex = 0; path = ProgramStructUITests.xctest; sourceTree = BUILT_PRODUCTS_DIR; };
		6E5E6E581E00FBBE00AC8573 /* ProgramStructUITests.m */ = {isa = PBXFileReference; lastKnownFileType = sourcecode.c.objc; path = ProgramStructUITests.m; sourceTree = "<group>"; };
		6E5E6E5A1E00FBBE00AC8573 /* Info.plist */ = {isa = PBXFileReference; lastKnownFileType = text.plist.xml; path = Info.plist; sourceTree = "<group>"; };
		6E5E6E731E012F3800AC8573 /* AppMacros.h */ = {isa = PBXFileReference; lastKnownFileType = sourcecode.c.h; name = AppMacros.h; path = Macros/AppMacros.h; sourceTree = "<group>"; };
		6E5E6E741E012F8100AC8573 /* AppConstants.h */ = {isa = PBXFileReference; lastKnownFileType = sourcecode.c.h; name = AppConstants.h; path = Const/AppConstants.h; sourceTree = "<group>"; };
		6E5E6E751E01300A00AC8573 /* PrefixHeader.pch */ = {isa = PBXFileReference; lastKnownFileType = sourcecode.c.h; path = PrefixHeader.pch; sourceTree = "<group>"; };
		6E5E6E761E01328C00AC8573 /* NSObject+Network.h */ = {isa = PBXFileReference; fileEncoding = 4; lastKnownFileType = sourcecode.c.h; name = "NSObject+Network.h"; path = "Category/NSObject+Network.h"; sourceTree = "<group>"; };
		6E5E6E771E01328C00AC8573 /* NSObject+Network.m */ = {isa = PBXFileReference; fileEncoding = 4; lastKnownFileType = sourcecode.c.objc; name = "NSObject+Network.m"; path = "Category/NSObject+Network.m"; sourceTree = "<group>"; };
		6E5E6E791E013C6A00AC8573 /* BaseModelClass.h */ = {isa = PBXFileReference; fileEncoding = 4; lastKnownFileType = sourcecode.c.h; name = BaseModelClass.h; path = Model/Base/BaseModelClass.h; sourceTree = "<group>"; };
		6E5E6E7A1E013C6A00AC8573 /* BaseModelClass.m */ = {isa = PBXFileReference; fileEncoding = 4; lastKnownFileType = sourcecode.c.objc; name = BaseModelClass.m; path = Model/Base/BaseModelClass.m; sourceTree = "<group>"; };
		6E5E6E7D1E013D4500AC8573 /* BaseApiModelClass.h */ = {isa = PBXFileReference; fileEncoding = 4; lastKnownFileType = sourcecode.c.h; name = BaseApiModelClass.h; path = Model/Base/BaseApiModelClass.h; sourceTree = "<group>"; };
		6E5E6E7E1E013D4500AC8573 /* BaseApiModelClass.m */ = {isa = PBXFileReference; fileEncoding = 4; lastKnownFileType = sourcecode.c.objc; name = BaseApiModelClass.m; path = Model/Base/BaseApiModelClass.m; sourceTree = "<group>"; };
		6E5E6E861E014B0200AC8573 /* JsonDataCache.h */ = {isa = PBXFileReference; fileEncoding = 4; lastKnownFileType = sourcecode.c.h; name = JsonDataCache.h; path = Model/Base/JsonDataCache.h; sourceTree = "<group>"; };
		6E5E6E871E014B0200AC8573 /* JsonDataCache.m */ = {isa = PBXFileReference; fileEncoding = 4; lastKnownFileType = sourcecode.c.objc; name = JsonDataCache.m; path = Model/Base/JsonDataCache.m; sourceTree = "<group>"; };
		6E5E6E8A1E01552900AC8573 /* JsonDataCacheConfig.h */ = {isa = PBXFileReference; fileEncoding = 4; lastKnownFileType = sourcecode.c.h; name = JsonDataCacheConfig.h; path = Model/Base/JsonDataCacheConfig.h; sourceTree = "<group>"; };
		6E5E6E8B1E01552900AC8573 /* JsonDataCacheConfig.m */ = {isa = PBXFileReference; fileEncoding = 4; lastKnownFileType = sourcecode.c.objc; name = JsonDataCacheConfig.m; path = Model/Base/JsonDataCacheConfig.m; sourceTree = "<group>"; };
		6E5E6E8E1E022FCE00AC8573 /* GetSignSecretApiModel.h */ = {isa = PBXFileReference; fileEncoding = 4; lastKnownFileType = sourcecode.c.h; name = GetSignSecretApiModel.h; path = Model/Api/GetSignSecretApiModel.h; sourceTree = "<group>"; };
		6E5E6E8F1E022FCE00AC8573 /* GetSignSecretApiModel.m */ = {isa = PBXFileReference; fileEncoding = 4; lastKnownFileType = sourcecode.c.objc; name = GetSignSecretApiModel.m; path = Model/Api/GetSignSecretApiModel.m; sourceTree = "<group>"; };
		6E5E6E911E02726A00AC8573 /* https.cer */ = {isa = PBXFileReference; lastKnownFileType = file; name = https.cer; path = Resource/https.cer; sourceTree = "<group>"; };
		6E5E6E921E02726A00AC8573 /* udianbus.cer */ = {isa = PBXFileReference; lastKnownFileType = file; name = udianbus.cer; path = Resource/udianbus.cer; sourceTree = "<group>"; };
		6E5E6E941E039D0F00AC8573 /* OfficalLetters.h */ = {isa = PBXFileReference; lastKnownFileType = sourcecode.c.h; name = OfficalLetters.h; path = Const/OfficalLetters.h; sourceTree = "<group>"; };
		6E93BD2C1E067BC3004F38BA /* LineInfoView.h */ = {isa = PBXFileReference; fileEncoding = 4; lastKnownFileType = sourcecode.c.h; name = LineInfoView.h; path = View/LineInfoView.h; sourceTree = "<group>"; };
		6E93BD2D1E067BC3004F38BA /* LineInfoView.m */ = {isa = PBXFileReference; fileEncoding = 4; lastKnownFileType = sourcecode.c.objc; name = LineInfoView.m; path = View/LineInfoView.m; sourceTree = "<group>"; };
		6E93BD301E078A39004F38BA /* LineInfoViewModel.h */ = {isa = PBXFileReference; fileEncoding = 4; lastKnownFileType = sourcecode.c.h; name = LineInfoViewModel.h; path = ViewModel/LineInfoViewModel.h; sourceTree = "<group>"; };
		6E93BD311E078A39004F38BA /* LineInfoViewModel.m */ = {isa = PBXFileReference; fileEncoding = 4; lastKnownFileType = sourcecode.c.objc; name = LineInfoViewModel.m; path = ViewModel/LineInfoViewModel.m; sourceTree = "<group>"; };
		6E93BD341E07F129004F38BA /* StationListCell.h */ = {isa = PBXFileReference; fileEncoding = 4; lastKnownFileType = sourcecode.c.h; name = StationListCell.h; path = View/StationListCell.h; sourceTree = "<group>"; };
		6E93BD351E07F129004F38BA /* StationListCell.m */ = {isa = PBXFileReference; fileEncoding = 4; lastKnownFileType = sourcecode.c.objc; name = StationListCell.m; path = View/StationListCell.m; sourceTree = "<group>"; };
		6ECFE0701E0629BF0059106B /* BaseViewModelClass.h */ = {isa = PBXFileReference; fileEncoding = 4; lastKnownFileType = sourcecode.c.h; name = BaseViewModelClass.h; path = ViewModel/BaseViewModelClass.h; sourceTree = "<group>"; };
		6ECFE0711E0629BF0059106B /* BaseViewModelClass.m */ = {isa = PBXFileReference; fileEncoding = 4; lastKnownFileType = sourcecode.c.objc; name = BaseViewModelClass.m; path = ViewModel/BaseViewModelClass.m; sourceTree = "<group>"; };
		6ECFE0761E062A6E0059106B /* LineInfoViewHeaderViewModel.h */ = {isa = PBXFileReference; fileEncoding = 4; lastKnownFileType = sourcecode.c.h; name = LineInfoViewHeaderViewModel.h; path = ViewModel/LineInfoViewHeaderViewModel.h; sourceTree = "<group>"; };
		6ECFE0771E062A6E0059106B /* LineInfoViewHeaderViewModel.m */ = {isa = PBXFileReference; fileEncoding = 4; lastKnownFileType = sourcecode.c.objc; name = LineInfoViewHeaderViewModel.m; path = ViewModel/LineInfoViewHeaderViewModel.m; sourceTree = "<group>"; };
		6ECFE0791E062D430059106B /* LineInfoHeaderView.h */ = {isa = PBXFileReference; fileEncoding = 4; lastKnownFileType = sourcecode.c.h; name = LineInfoHeaderView.h; path = View/LineInfoHeaderView.h; sourceTree = "<group>"; };
		6ECFE07A1E062D430059106B /* LineInfoHeaderView.m */ = {isa = PBXFileReference; fileEncoding = 4; lastKnownFileType = sourcecode.c.objc; name = LineInfoHeaderView.m; path = View/LineInfoHeaderView.m; sourceTree = "<group>"; };
		97D1CBE5574B10FB90DAF9EF /* Pods-ProgramStruct.release.xcconfig */ = {isa = PBXFileReference; includeInIndex = 1; lastKnownFileType = text.xcconfig; name = "Pods-ProgramStruct.release.xcconfig"; path = "Pods/Target Support Files/Pods-ProgramStruct/Pods-ProgramStruct.release.xcconfig"; sourceTree = "<group>"; };
		F54DE970CA674EB425B717F0 /* Pods_ProgramStruct.framework */ = {isa = PBXFileReference; explicitFileType = wrapper.framework; includeInIndex = 0; path = Pods_ProgramStruct.framework; sourceTree = BUILT_PRODUCTS_DIR; };
/* End PBXFileReference section */

/* Begin PBXFrameworksBuildPhase section */
		6E5E6E2D1E00FBBE00AC8573 /* Frameworks */ = {
			isa = PBXFrameworksBuildPhase;
			buildActionMask = 2147483647;
			files = (
				29282A37DA021CF68C00F2BA /* Pods_ProgramStruct.framework in Frameworks */,
			);
			runOnlyForDeploymentPostprocessing = 0;
		};
		6E5E6E461E00FBBE00AC8573 /* Frameworks */ = {
			isa = PBXFrameworksBuildPhase;
			buildActionMask = 2147483647;
			files = (
			);
			runOnlyForDeploymentPostprocessing = 0;
		};
		6E5E6E511E00FBBE00AC8573 /* Frameworks */ = {
			isa = PBXFrameworksBuildPhase;
			buildActionMask = 2147483647;
			files = (
			);
			runOnlyForDeploymentPostprocessing = 0;
		};
/* End PBXFrameworksBuildPhase section */

/* Begin PBXGroup section */
		6E031C641E0A89F500574001 /* base */ = {
			isa = PBXGroup;
			children = (
				6E031C711E0B955A00574001 /* UIView+BaseView.h */,
				6E031C721E0B955A00574001 /* UIView+BaseView.m */,
				6E031C741E0BA88C00574001 /* UITableViewCell+BaseCell.h */,
				6E031C751E0BA88C00574001 /* UITableViewCell+BaseCell.m */,
			);
			name = base;
			sourceTree = "<group>";
		};
		6E031C671E0AA58100574001 /* Manager */ = {
			isa = PBXGroup;
			children = (
				6E031C681E0AA5A800574001 /* base */,
			);
			name = Manager;
			sourceTree = "<group>";
		};
		6E031C681E0AA5A800574001 /* base */ = {
			isa = PBXGroup;
			children = (
			);
			name = base;
			sourceTree = "<group>";
		};
		6E031C691E0B776C00574001 /* base */ = {
			isa = PBXGroup;
			children = (
				6E031C701E0B7AB800574001 /* BaseViewControllerProtocol.h */,
				6E031C6D1E0B7A2500574001 /* BaseViewControllerClass.h */,
				6E031C6E1E0B7A2500574001 /* BaseViewControllerClass.m */,
			);
			name = base;
			sourceTree = "<group>";
		};
		6E5E6E271E00FBBE00AC8573 = {
			isa = PBXGroup;
			children = (
				6E5E6E321E00FBBE00AC8573 /* ProgramStruct */,
				6E5E6E4C1E00FBBE00AC8573 /* ProgramStructTests */,
				6E5E6E571E00FBBE00AC8573 /* ProgramStructUITests */,
				6E5E6E311E00FBBE00AC8573 /* Products */,
				6FE98816A73F6134A4250D23 /* Pods */,
				FF36BD12D0F064FB8B6F15F6 /* Frameworks */,
			);
			sourceTree = "<group>";
		};
		6E5E6E311E00FBBE00AC8573 /* Products */ = {
			isa = PBXGroup;
			children = (
				6E5E6E301E00FBBE00AC8573 /* ProgramStruct.app */,
				6E5E6E491E00FBBE00AC8573 /* ProgramStructTests.xctest */,
				6E5E6E541E00FBBE00AC8573 /* ProgramStructUITests.xctest */,
			);
			name = Products;
			sourceTree = "<group>";
		};
		6E5E6E321E00FBBE00AC8573 /* ProgramStruct */ = {
			isa = PBXGroup;
			children = (
				6E031C671E0AA58100574001 /* Manager */,
				6E5E6E721E011A0F00AC8573 /* ViewModel */,
				6E5E6E711E0119FA00AC8573 /* View */,
				6E5E6E701E0119DC00AC8573 /* Controller */,
				6E5E6E6F1E0119A200AC8573 /* Helper */,
				6E5E6E6E1E0117BD00AC8573 /* Resource */,
				6E5E6E6D1E0117B500AC8573 /* Others */,
				6E5E6E6C1E01179C00AC8573 /* Network */,
				6E5E6E6B1E01178800AC8573 /* Vendor */,
				6E5E6E6A1E01176600AC8573 /* Utils */,
				6E5E6E691E01175300AC8573 /* Const */,
				6E5E6E681E01166000AC8573 /* Macros */,
				6E5E6E671E01165100AC8573 /* Category */,
				6E5E6E661E01163D00AC8573 /* Model */,
				6E5E6E361E00FBBE00AC8573 /* AppDelegate.h */,
				6E5E6E371E00FBBE00AC8573 /* AppDelegate.m */,
				6E5E6E411E00FBBE00AC8573 /* LaunchScreen.storyboard */,
				6E5E6E331E00FBBE00AC8573 /* Supporting Files */,
			);
			path = ProgramStruct;
			sourceTree = "<group>";
		};
		6E5E6E331E00FBBE00AC8573 /* Supporting Files */ = {
			isa = PBXGroup;
			children = (
				6E5E6E341E00FBBE00AC8573 /* main.m */,
				6E5E6E751E01300A00AC8573 /* PrefixHeader.pch */,
			);
			name = "Supporting Files";
			sourceTree = "<group>";
		};
		6E5E6E4C1E00FBBE00AC8573 /* ProgramStructTests */ = {
			isa = PBXGroup;
			children = (
				6E5E6E4D1E00FBBE00AC8573 /* ProgramStructTests.m */,
				6E5E6E4F1E00FBBE00AC8573 /* Info.plist */,
			);
			path = ProgramStructTests;
			sourceTree = "<group>";
		};
		6E5E6E571E00FBBE00AC8573 /* ProgramStructUITests */ = {
			isa = PBXGroup;
			children = (
				6E5E6E581E00FBBE00AC8573 /* ProgramStructUITests.m */,
				6E5E6E5A1E00FBBE00AC8573 /* Info.plist */,
			);
			path = ProgramStructUITests;
			sourceTree = "<group>";
		};
		6E5E6E661E01163D00AC8573 /* Model */ = {
			isa = PBXGroup;
			children = (
				6E5E6E8D1E022F4400AC8573 /* Api */,
				6E5E6E7C1E013CA500AC8573 /* Base */,
			);
			name = Model;
			sourceTree = "<group>";
		};
		6E5E6E671E01165100AC8573 /* Category */ = {
			isa = PBXGroup;
			children = (
				6E5E6E761E01328C00AC8573 /* NSObject+Network.h */,
				6E5E6E771E01328C00AC8573 /* NSObject+Network.m */,
			);
			name = Category;
			sourceTree = "<group>";
		};
		6E5E6E681E01166000AC8573 /* Macros */ = {
			isa = PBXGroup;
			children = (
				6E5E6E731E012F3800AC8573 /* AppMacros.h */,
			);
			name = Macros;
			sourceTree = "<group>";
		};
		6E5E6E691E01175300AC8573 /* Const */ = {
			isa = PBXGroup;
			children = (
				6E5E6E741E012F8100AC8573 /* AppConstants.h */,
				6E5E6E941E039D0F00AC8573 /* OfficalLetters.h */,
			);
			name = Const;
			sourceTree = "<group>";
		};
		6E5E6E6A1E01176600AC8573 /* Utils */ = {
			isa = PBXGroup;
			children = (
			);
			name = Utils;
			sourceTree = "<group>";
		};
		6E5E6E6B1E01178800AC8573 /* Vendor */ = {
			isa = PBXGroup;
			children = (
			);
			name = Vendor;
			sourceTree = "<group>";
		};
		6E5E6E6C1E01179C00AC8573 /* Network */ = {
			isa = PBXGroup;
			children = (
			);
			name = Network;
			sourceTree = "<group>";
		};
		6E5E6E6D1E0117B500AC8573 /* Others */ = {
			isa = PBXGroup;
			children = (
			);
			name = Others;
			sourceTree = "<group>";
		};
		6E5E6E6E1E0117BD00AC8573 /* Resource */ = {
			isa = PBXGroup;
			children = (
				6E5E6E911E02726A00AC8573 /* https.cer */,
				6E5E6E921E02726A00AC8573 /* udianbus.cer */,
				6E5E6E441E00FBBE00AC8573 /* Info.plist */,
				6E5E6E3F1E00FBBE00AC8573 /* Assets.xcassets */,
			);
			name = Resource;
			sourceTree = "<group>";
		};
		6E5E6E6F1E0119A200AC8573 /* Helper */ = {
			isa = PBXGroup;
			children = (
			);
			name = Helper;
			sourceTree = "<group>";
		};
		6E5E6E701E0119DC00AC8573 /* Controller */ = {
			isa = PBXGroup;
			children = (
				6E031C691E0B776C00574001 /* base */,
				6E5E6E391E00FBBE00AC8573 /* ViewController.h */,
				6E5E6E3A1E00FBBE00AC8573 /* ViewController.m */,
			);
			name = Controller;
			sourceTree = "<group>";
		};
		6E5E6E711E0119FA00AC8573 /* View */ = {
			isa = PBXGroup;
			children = (
				6E031C641E0A89F500574001 /* base */,
				6E93BD331E07F06F004F38BA /* cell */,
				6ECFE0791E062D430059106B /* LineInfoHeaderView.h */,
				6ECFE07A1E062D430059106B /* LineInfoHeaderView.m */,
				6E93BD2C1E067BC3004F38BA /* LineInfoView.h */,
				6E93BD2D1E067BC3004F38BA /* LineInfoView.m */,
			);
			name = View;
			sourceTree = "<group>";
		};
		6E5E6E721E011A0F00AC8573 /* ViewModel */ = {
			isa = PBXGroup;
			children = (
				6E93BD2F1E078738004F38BA /* base */,
				6ECFE0761E062A6E0059106B /* LineInfoViewHeaderViewModel.h */,
				6ECFE0771E062A6E0059106B /* LineInfoViewHeaderViewModel.m */,
				6E93BD301E078A39004F38BA /* LineInfoViewModel.h */,
				6E93BD311E078A39004F38BA /* LineInfoViewModel.m */,
			);
			name = ViewModel;
			sourceTree = "<group>";
		};
		6E5E6E7C1E013CA500AC8573 /* Base */ = {
			isa = PBXGroup;
			children = (
				6E5E6E791E013C6A00AC8573 /* BaseModelClass.h */,
				6E5E6E7A1E013C6A00AC8573 /* BaseModelClass.m */,
				6E5E6E7D1E013D4500AC8573 /* BaseApiModelClass.h */,
				6E5E6E7E1E013D4500AC8573 /* BaseApiModelClass.m */,
				6E5E6E861E014B0200AC8573 /* JsonDataCache.h */,
				6E5E6E871E014B0200AC8573 /* JsonDataCache.m */,
				6E5E6E8A1E01552900AC8573 /* JsonDataCacheConfig.h */,
				6E5E6E8B1E01552900AC8573 /* JsonDataCacheConfig.m */,
			);
			name = Base;
			sourceTree = "<group>";
		};
		6E5E6E8D1E022F4400AC8573 /* Api */ = {
			isa = PBXGroup;
			children = (
				6E5E6E8E1E022FCE00AC8573 /* GetSignSecretApiModel.h */,
				6E5E6E8F1E022FCE00AC8573 /* GetSignSecretApiModel.m */,
			);
			name = Api;
			sourceTree = "<group>";
		};
		6E93BD2F1E078738004F38BA /* base */ = {
			isa = PBXGroup;
			children = (
				6ECFE0701E0629BF0059106B /* BaseViewModelClass.h */,
				6ECFE0711E0629BF0059106B /* BaseViewModelClass.m */,
			);
			name = base;
			sourceTree = "<group>";
		};
		6E93BD331E07F06F004F38BA /* cell */ = {
			isa = PBXGroup;
			children = (
				6E93BD341E07F129004F38BA /* StationListCell.h */,
				6E93BD351E07F129004F38BA /* StationListCell.m */,
			);
			name = cell;
			sourceTree = "<group>";
		};
		6FE98816A73F6134A4250D23 /* Pods */ = {
			isa = PBXGroup;
			children = (
				3554D23D6F594438D103EB14 /* Pods-ProgramStruct.debug.xcconfig */,
				97D1CBE5574B10FB90DAF9EF /* Pods-ProgramStruct.release.xcconfig */,
			);
			name = Pods;
			sourceTree = "<group>";
		};
		FF36BD12D0F064FB8B6F15F6 /* Frameworks */ = {
			isa = PBXGroup;
			children = (
				F54DE970CA674EB425B717F0 /* Pods_ProgramStruct.framework */,
			);
			name = Frameworks;
			sourceTree = "<group>";
		};
/* End PBXGroup section */

/* Begin PBXNativeTarget section */
		6E5E6E2F1E00FBBE00AC8573 /* ProgramStruct */ = {
			isa = PBXNativeTarget;
			buildConfigurationList = 6E5E6E5D1E00FBBE00AC8573 /* Build configuration list for PBXNativeTarget "ProgramStruct" */;
			buildPhases = (
				F7985A910852513FC406F74B /* [CP] Check Pods Manifest.lock */,
				6E5E6E2C1E00FBBE00AC8573 /* Sources */,
				6E5E6E2D1E00FBBE00AC8573 /* Frameworks */,
				6E5E6E2E1E00FBBE00AC8573 /* Resources */,
				197F42156FCAE240BFAB71A9 /* [CP] Embed Pods Frameworks */,
				BC711AA0EB0EE93C83EB3A8C /* [CP] Copy Pods Resources */,
			);
			buildRules = (
			);
			dependencies = (
			);
			name = ProgramStruct;
			productName = ProgramStruct;
			productReference = 6E5E6E301E00FBBE00AC8573 /* ProgramStruct.app */;
			productType = "com.apple.product-type.application";
		};
		6E5E6E481E00FBBE00AC8573 /* ProgramStructTests */ = {
			isa = PBXNativeTarget;
			buildConfigurationList = 6E5E6E601E00FBBE00AC8573 /* Build configuration list for PBXNativeTarget "ProgramStructTests" */;
			buildPhases = (
				6E5E6E451E00FBBE00AC8573 /* Sources */,
				6E5E6E461E00FBBE00AC8573 /* Frameworks */,
				6E5E6E471E00FBBE00AC8573 /* Resources */,
			);
			buildRules = (
			);
			dependencies = (
				6E5E6E4B1E00FBBE00AC8573 /* PBXTargetDependency */,
			);
			name = ProgramStructTests;
			productName = ProgramStructTests;
			productReference = 6E5E6E491E00FBBE00AC8573 /* ProgramStructTests.xctest */;
			productType = "com.apple.product-type.bundle.unit-test";
		};
		6E5E6E531E00FBBE00AC8573 /* ProgramStructUITests */ = {
			isa = PBXNativeTarget;
			buildConfigurationList = 6E5E6E631E00FBBE00AC8573 /* Build configuration list for PBXNativeTarget "ProgramStructUITests" */;
			buildPhases = (
				6E5E6E501E00FBBE00AC8573 /* Sources */,
				6E5E6E511E00FBBE00AC8573 /* Frameworks */,
				6E5E6E521E00FBBE00AC8573 /* Resources */,
			);
			buildRules = (
			);
			dependencies = (
				6E5E6E561E00FBBE00AC8573 /* PBXTargetDependency */,
			);
			name = ProgramStructUITests;
			productName = ProgramStructUITests;
			productReference = 6E5E6E541E00FBBE00AC8573 /* ProgramStructUITests.xctest */;
			productType = "com.apple.product-type.bundle.ui-testing";
		};
/* End PBXNativeTarget section */

/* Begin PBXProject section */
		6E5E6E281E00FBBE00AC8573 /* Project object */ = {
			isa = PBXProject;
			attributes = {
				LastUpgradeCheck = 0820;
				ORGANIZATIONNAME = "神一样的电脑二";
				TargetAttributes = {
					6E5E6E2F1E00FBBE00AC8573 = {
						CreatedOnToolsVersion = 8.2;
						DevelopmentTeam = WHBN39U39E;
						LastSwiftMigration = 0820;
						ProvisioningStyle = Automatic;
					};
					6E5E6E481E00FBBE00AC8573 = {
						CreatedOnToolsVersion = 8.2;
						DevelopmentTeam = WHBN39U39E;
						ProvisioningStyle = Automatic;
						TestTargetID = 6E5E6E2F1E00FBBE00AC8573;
					};
					6E5E6E531E00FBBE00AC8573 = {
						CreatedOnToolsVersion = 8.2;
						DevelopmentTeam = WHBN39U39E;
						ProvisioningStyle = Automatic;
						TestTargetID = 6E5E6E2F1E00FBBE00AC8573;
					};
				};
			};
			buildConfigurationList = 6E5E6E2B1E00FBBE00AC8573 /* Build configuration list for PBXProject "ProgramStruct" */;
			compatibilityVersion = "Xcode 3.2";
			developmentRegion = English;
			hasScannedForEncodings = 0;
			knownRegions = (
				en,
				Base,
			);
			mainGroup = 6E5E6E271E00FBBE00AC8573;
			productRefGroup = 6E5E6E311E00FBBE00AC8573 /* Products */;
			projectDirPath = "";
			projectRoot = "";
			targets = (
				6E5E6E2F1E00FBBE00AC8573 /* ProgramStruct */,
				6E5E6E481E00FBBE00AC8573 /* ProgramStructTests */,
				6E5E6E531E00FBBE00AC8573 /* ProgramStructUITests */,
			);
		};
/* End PBXProject section */

/* Begin PBXResourcesBuildPhase section */
		6E5E6E2E1E00FBBE00AC8573 /* Resources */ = {
			isa = PBXResourcesBuildPhase;
			buildActionMask = 2147483647;
			files = (
				6E5E6E431E00FBBE00AC8573 /* LaunchScreen.storyboard in Resources */,
				6E5E6E401E00FBBE00AC8573 /* Assets.xcassets in Resources */,
			);
			runOnlyForDeploymentPostprocessing = 0;
		};
		6E5E6E471E00FBBE00AC8573 /* Resources */ = {
			isa = PBXResourcesBuildPhase;
			buildActionMask = 2147483647;
			files = (
			);
			runOnlyForDeploymentPostprocessing = 0;
		};
		6E5E6E521E00FBBE00AC8573 /* Resources */ = {
			isa = PBXResourcesBuildPhase;
			buildActionMask = 2147483647;
			files = (
			);
			runOnlyForDeploymentPostprocessing = 0;
		};
/* End PBXResourcesBuildPhase section */

/* Begin PBXShellScriptBuildPhase section */
		197F42156FCAE240BFAB71A9 /* [CP] Embed Pods Frameworks */ = {
			isa = PBXShellScriptBuildPhase;
			buildActionMask = 2147483647;
			files = (
			);
			inputPaths = (
			);
			name = "[CP] Embed Pods Frameworks";
			outputPaths = (
			);
			runOnlyForDeploymentPostprocessing = 0;
			shellPath = /bin/sh;
			shellScript = "\"${SRCROOT}/Pods/Target Support Files/Pods-ProgramStruct/Pods-ProgramStruct-frameworks.sh\"\n";
			showEnvVarsInLog = 0;
		};
		BC711AA0EB0EE93C83EB3A8C /* [CP] Copy Pods Resources */ = {
			isa = PBXShellScriptBuildPhase;
			buildActionMask = 2147483647;
			files = (
			);
			inputPaths = (
			);
			name = "[CP] Copy Pods Resources";
			outputPaths = (
			);
			runOnlyForDeploymentPostprocessing = 0;
			shellPath = /bin/sh;
			shellScript = "\"${SRCROOT}/Pods/Target Support Files/Pods-ProgramStruct/Pods-ProgramStruct-resources.sh\"\n";
			showEnvVarsInLog = 0;
		};
		F7985A910852513FC406F74B /* [CP] Check Pods Manifest.lock */ = {
			isa = PBXShellScriptBuildPhase;
			buildActionMask = 2147483647;
			files = (
			);
			inputPaths = (
			);
			name = "[CP] Check Pods Manifest.lock";
			outputPaths = (
			);
			runOnlyForDeploymentPostprocessing = 0;
			shellPath = /bin/sh;
			shellScript = "diff \"${PODS_ROOT}/../Podfile.lock\" \"${PODS_ROOT}/Manifest.lock\" > /dev/null\nif [ $? != 0 ] ; then\n    # print error to STDERR\n    echo \"error: The sandbox is not in sync with the Podfile.lock. Run 'pod install' or update your CocoaPods installation.\" >&2\n    exit 1\nfi\n";
			showEnvVarsInLog = 0;
		};
/* End PBXShellScriptBuildPhase section */

/* Begin PBXSourcesBuildPhase section */
		6E5E6E2C1E00FBBE00AC8573 /* Sources */ = {
			isa = PBXSourcesBuildPhase;
			buildActionMask = 2147483647;
			files = (
				6E5E6E3B1E00FBBE00AC8573 /* ViewController.m in Sources */,
				6E5E6E881E014B0200AC8573 /* JsonDataCache.m in Sources */,
				6E93BD321E078A39004F38BA /* LineInfoViewModel.m in Sources */,
				6E93BD361E07F129004F38BA /* StationListCell.m in Sources */,
				6E5E6E381E00FBBE00AC8573 /* AppDelegate.m in Sources */,
				6ECFE07B1E062D430059106B /* LineInfoHeaderView.m in Sources */,
				6E031C6F1E0B7A2500574001 /* BaseViewControllerClass.m in Sources */,
				6ECFE0781E062A6E0059106B /* LineInfoViewHeaderViewModel.m in Sources */,
				6E5E6E781E01328C00AC8573 /* NSObject+Network.m in Sources */,
				6E93BD2E1E067BC3004F38BA /* LineInfoView.m in Sources */,
				6E031C761E0BA88C00574001 /* UITableViewCell+BaseCell.m in Sources */,
				6E5E6E7B1E013C6A00AC8573 /* BaseModelClass.m in Sources */,
				6E031C731E0B955A00574001 /* UIView+BaseView.m in Sources */,
				6E5E6E7F1E013D4500AC8573 /* BaseApiModelClass.m in Sources */,
				6E5E6E351E00FBBE00AC8573 /* main.m in Sources */,
				6E5E6E8C1E01552900AC8573 /* JsonDataCacheConfig.m in Sources */,
				6ECFE0721E0629BF0059106B /* BaseViewModelClass.m in Sources */,
				6E5E6E901E022FCE00AC8573 /* GetSignSecretApiModel.m in Sources */,
			);
			runOnlyForDeploymentPostprocessing = 0;
		};
		6E5E6E451E00FBBE00AC8573 /* Sources */ = {
			isa = PBXSourcesBuildPhase;
			buildActionMask = 2147483647;
			files = (
				6E5E6E4E1E00FBBE00AC8573 /* ProgramStructTests.m in Sources */,
			);
			runOnlyForDeploymentPostprocessing = 0;
		};
		6E5E6E501E00FBBE00AC8573 /* Sources */ = {
			isa = PBXSourcesBuildPhase;
			buildActionMask = 2147483647;
			files = (
				6E5E6E591E00FBBE00AC8573 /* ProgramStructUITests.m in Sources */,
			);
			runOnlyForDeploymentPostprocessing = 0;
		};
/* End PBXSourcesBuildPhase section */

/* Begin PBXTargetDependency section */
		6E5E6E4B1E00FBBE00AC8573 /* PBXTargetDependency */ = {
			isa = PBXTargetDependency;
			target = 6E5E6E2F1E00FBBE00AC8573 /* ProgramStruct */;
			targetProxy = 6E5E6E4A1E00FBBE00AC8573 /* PBXContainerItemProxy */;
		};
		6E5E6E561E00FBBE00AC8573 /* PBXTargetDependency */ = {
			isa = PBXTargetDependency;
			target = 6E5E6E2F1E00FBBE00AC8573 /* ProgramStruct */;
			targetProxy = 6E5E6E551E00FBBE00AC8573 /* PBXContainerItemProxy */;
		};
/* End PBXTargetDependency section */

/* Begin PBXVariantGroup section */
		6E5E6E411E00FBBE00AC8573 /* LaunchScreen.storyboard */ = {
			isa = PBXVariantGroup;
			children = (
				6E5E6E421E00FBBE00AC8573 /* Base */,
			);
			name = LaunchScreen.storyboard;
			sourceTree = "<group>";
		};
/* End PBXVariantGroup section */

/* Begin XCBuildConfiguration section */
		6E5E6E5B1E00FBBE00AC8573 /* Debug */ = {
			isa = XCBuildConfiguration;
			buildSettings = {
				ALWAYS_SEARCH_USER_PATHS = NO;
				CLANG_ANALYZER_NONNULL = YES;
				CLANG_CXX_LANGUAGE_STANDARD = "gnu++0x";
				CLANG_CXX_LIBRARY = "libc++";
				CLANG_ENABLE_MODULES = YES;
				CLANG_ENABLE_OBJC_ARC = YES;
				CLANG_WARN_BOOL_CONVERSION = YES;
				CLANG_WARN_CONSTANT_CONVERSION = YES;
				CLANG_WARN_DIRECT_OBJC_ISA_USAGE = YES_ERROR;
				CLANG_WARN_DOCUMENTATION_COMMENTS = YES;
				CLANG_WARN_EMPTY_BODY = YES;
				CLANG_WARN_ENUM_CONVERSION = YES;
				CLANG_WARN_INFINITE_RECURSION = YES;
				CLANG_WARN_INT_CONVERSION = YES;
				CLANG_WARN_OBJC_ROOT_CLASS = YES_ERROR;
				CLANG_WARN_SUSPICIOUS_MOVE = YES;
				CLANG_WARN_UNREACHABLE_CODE = YES;
				CLANG_WARN__DUPLICATE_METHOD_MATCH = YES;
				"CODE_SIGN_IDENTITY[sdk=iphoneos*]" = "iPhone Developer";
				COPY_PHASE_STRIP = NO;
				DEBUG_INFORMATION_FORMAT = dwarf;
				ENABLE_STRICT_OBJC_MSGSEND = YES;
				ENABLE_TESTABILITY = YES;
				GCC_C_LANGUAGE_STANDARD = gnu99;
				GCC_DYNAMIC_NO_PIC = NO;
				GCC_NO_COMMON_BLOCKS = YES;
				GCC_OPTIMIZATION_LEVEL = 0;
				GCC_PREPROCESSOR_DEFINITIONS = (
					"DEBUG=1",
					"$(inherited)",
				);
				GCC_WARN_64_TO_32_BIT_CONVERSION = YES;
				GCC_WARN_ABOUT_RETURN_TYPE = YES_ERROR;
				GCC_WARN_UNDECLARED_SELECTOR = YES;
				GCC_WARN_UNINITIALIZED_AUTOS = YES_AGGRESSIVE;
				GCC_WARN_UNUSED_FUNCTION = YES;
				GCC_WARN_UNUSED_VARIABLE = YES;
				IPHONEOS_DEPLOYMENT_TARGET = 10.2;
				MTL_ENABLE_DEBUG_INFO = YES;
				ONLY_ACTIVE_ARCH = YES;
				SDKROOT = iphoneos;
			};
			name = Debug;
		};
		6E5E6E5C1E00FBBE00AC8573 /* Release */ = {
			isa = XCBuildConfiguration;
			buildSettings = {
				ALWAYS_SEARCH_USER_PATHS = NO;
				CLANG_ANALYZER_NONNULL = YES;
				CLANG_CXX_LANGUAGE_STANDARD = "gnu++0x";
				CLANG_CXX_LIBRARY = "libc++";
				CLANG_ENABLE_MODULES = YES;
				CLANG_ENABLE_OBJC_ARC = YES;
				CLANG_WARN_BOOL_CONVERSION = YES;
				CLANG_WARN_CONSTANT_CONVERSION = YES;
				CLANG_WARN_DIRECT_OBJC_ISA_USAGE = YES_ERROR;
				CLANG_WARN_DOCUMENTATION_COMMENTS = YES;
				CLANG_WARN_EMPTY_BODY = YES;
				CLANG_WARN_ENUM_CONVERSION = YES;
				CLANG_WARN_INFINITE_RECURSION = YES;
				CLANG_WARN_INT_CONVERSION = YES;
				CLANG_WARN_OBJC_ROOT_CLASS = YES_ERROR;
				CLANG_WARN_SUSPICIOUS_MOVE = YES;
				CLANG_WARN_UNREACHABLE_CODE = YES;
				CLANG_WARN__DUPLICATE_METHOD_MATCH = YES;
				"CODE_SIGN_IDENTITY[sdk=iphoneos*]" = "iPhone Developer";
				COPY_PHASE_STRIP = NO;
				DEBUG_INFORMATION_FORMAT = "dwarf-with-dsym";
				ENABLE_NS_ASSERTIONS = NO;
				ENABLE_STRICT_OBJC_MSGSEND = YES;
				GCC_C_LANGUAGE_STANDARD = gnu99;
				GCC_NO_COMMON_BLOCKS = YES;
				GCC_WARN_64_TO_32_BIT_CONVERSION = YES;
				GCC_WARN_ABOUT_RETURN_TYPE = YES_ERROR;
				GCC_WARN_UNDECLARED_SELECTOR = YES;
				GCC_WARN_UNINITIALIZED_AUTOS = YES_AGGRESSIVE;
				GCC_WARN_UNUSED_FUNCTION = YES;
				GCC_WARN_UNUSED_VARIABLE = YES;
				IPHONEOS_DEPLOYMENT_TARGET = 10.2;
				MTL_ENABLE_DEBUG_INFO = NO;
				SDKROOT = iphoneos;
				VALIDATE_PRODUCT = YES;
			};
			name = Release;
		};
		6E5E6E5E1E00FBBE00AC8573 /* Debug */ = {
			isa = XCBuildConfiguration;
			baseConfigurationReference = 3554D23D6F594438D103EB14 /* Pods-ProgramStruct.debug.xcconfig */;
			buildSettings = {
				ASSETCATALOG_COMPILER_APPICON_NAME = AppIcon;
				DEVELOPMENT_TEAM = WHBN39U39E;
				GCC_PRECOMPILE_PREFIX_HEADER = YES;
				GCC_PREFIX_HEADER = "$(SRCROOT)/ProgramStruct/PrefixHeader.pch";
				INFOPLIST_FILE = ProgramStruct/Info.plist;
				LD_RUNPATH_SEARCH_PATHS = "$(inherited) @executable_path/Frameworks";
				PRODUCT_BUNDLE_IDENTIFIER = pxb.ProgramStruct;
				PRODUCT_NAME = "$(TARGET_NAME)";
				SWIFT_VERSION = 3.0;
			};
			name = Debug;
		};
		6E5E6E5F1E00FBBE00AC8573 /* Release */ = {
			isa = XCBuildConfiguration;
			baseConfigurationReference = 97D1CBE5574B10FB90DAF9EF /* Pods-ProgramStruct.release.xcconfig */;
			buildSettings = {
				ASSETCATALOG_COMPILER_APPICON_NAME = AppIcon;
				DEVELOPMENT_TEAM = WHBN39U39E;
				GCC_PRECOMPILE_PREFIX_HEADER = YES;
				GCC_PREFIX_HEADER = "$(SRCROOT)/ProgramStruct/PrefixHeader.pch";
				INFOPLIST_FILE = ProgramStruct/Info.plist;
				LD_RUNPATH_SEARCH_PATHS = "$(inherited) @executable_path/Frameworks";
				PRODUCT_BUNDLE_IDENTIFIER = pxb.ProgramStruct;
				PRODUCT_NAME = "$(TARGET_NAME)";
				SWIFT_VERSION = 3.0;
			};
			name = Release;
		};
		6E5E6E611E00FBBE00AC8573 /* Debug */ = {
			isa = XCBuildConfiguration;
			buildSettings = {
				BUNDLE_LOADER = "$(TEST_HOST)";
				DEVELOPMENT_TEAM = WHBN39U39E;
				INFOPLIST_FILE = ProgramStructTests/Info.plist;
				LD_RUNPATH_SEARCH_PATHS = "$(inherited) @executable_path/Frameworks @loader_path/Frameworks";
				PRODUCT_BUNDLE_IDENTIFIER = pxb.ProgramStructTests;
				PRODUCT_NAME = "$(TARGET_NAME)";
				TEST_HOST = "$(BUILT_PRODUCTS_DIR)/ProgramStruct.app/ProgramStruct";
			};
			name = Debug;
		};
		6E5E6E621E00FBBE00AC8573 /* Release */ = {
			isa = XCBuildConfiguration;
			buildSettings = {
				BUNDLE_LOADER = "$(TEST_HOST)";
				DEVELOPMENT_TEAM = WHBN39U39E;
				INFOPLIST_FILE = ProgramStructTests/Info.plist;
				LD_RUNPATH_SEARCH_PATHS = "$(inherited) @executable_path/Frameworks @loader_path/Frameworks";
				PRODUCT_BUNDLE_IDENTIFIER = pxb.ProgramStructTests;
				PRODUCT_NAME = "$(TARGET_NAME)";
				TEST_HOST = "$(BUILT_PRODUCTS_DIR)/ProgramStruct.app/ProgramStruct";
			};
			name = Release;
		};
		6E5E6E641E00FBBE00AC8573 /* Debug */ = {
			isa = XCBuildConfiguration;
			buildSettings = {
				DEVELOPMENT_TEAM = WHBN39U39E;
				INFOPLIST_FILE = ProgramStructUITests/Info.plist;
				LD_RUNPATH_SEARCH_PATHS = "$(inherited) @executable_path/Frameworks @loader_path/Frameworks";
				PRODUCT_BUNDLE_IDENTIFIER = pxb.ProgramStructUITests;
				PRODUCT_NAME = "$(TARGET_NAME)";
				TEST_TARGET_NAME = ProgramStruct;
			};
			name = Debug;
		};
		6E5E6E651E00FBBE00AC8573 /* Release */ = {
			isa = XCBuildConfiguration;
			buildSettings = {
				DEVELOPMENT_TEAM = WHBN39U39E;
				INFOPLIST_FILE = ProgramStructUITests/Info.plist;
				LD_RUNPATH_SEARCH_PATHS = "$(inherited) @executable_path/Frameworks @loader_path/Frameworks";
				PRODUCT_BUNDLE_IDENTIFIER = pxb.ProgramStructUITests;
				PRODUCT_NAME = "$(TARGET_NAME)";
				TEST_TARGET_NAME = ProgramStruct;
			};
			name = Release;
		};
/* End XCBuildConfiguration section */

/* Begin XCConfigurationList section */
		6E5E6E2B1E00FBBE00AC8573 /* Build configuration list for PBXProject "ProgramStruct" */ = {
			isa = XCConfigurationList;
			buildConfigurations = (
				6E5E6E5B1E00FBBE00AC8573 /* Debug */,
				6E5E6E5C1E00FBBE00AC8573 /* Release */,
			);
			defaultConfigurationIsVisible = 0;
			defaultConfigurationName = Release;
		};
		6E5E6E5D1E00FBBE00AC8573 /* Build configuration list for PBXNativeTarget "ProgramStruct" */ = {
			isa = XCConfigurationList;
			buildConfigurations = (
				6E5E6E5E1E00FBBE00AC8573 /* Debug */,
				6E5E6E5F1E00FBBE00AC8573 /* Release */,
			);
			defaultConfigurationIsVisible = 0;
			defaultConfigurationName = Release;
		};
		6E5E6E601E00FBBE00AC8573 /* Build configuration list for PBXNativeTarget "ProgramStructTests" */ = {
			isa = XCConfigurationList;
			buildConfigurations = (
				6E5E6E611E00FBBE00AC8573 /* Debug */,
				6E5E6E621E00FBBE00AC8573 /* Release */,
			);
			defaultConfigurationIsVisible = 0;
			defaultConfigurationName = Release;
		};
		6E5E6E631E00FBBE00AC8573 /* Build configuration list for PBXNativeTarget "ProgramStructUITests" */ = {
			isa = XCConfigurationList;
			buildConfigurations = (
				6E5E6E641E00FBBE00AC8573 /* Debug */,
				6E5E6E651E00FBBE00AC8573 /* Release */,
			);
			defaultConfigurationIsVisible = 0;
			defaultConfigurationName = Release;
		};
/* End XCConfigurationList section */
	};
	rootObject = 6E5E6E281E00FBBE00AC8573 /* Project object */;
}
